
Microsoft Visual Studio Solution File, Format Version 12.00
# Visual Studio 14
VisualStudioVersion = 14.0.25123.0
MinimumVisualStudioVersion = 10.0.40219.1
Project("{FAE04EC0-301F-11D3-BF4B-00C04F79EFBC}") = "HeatronicUwpApp", "HeatronicUwpApp\HeatronicUwpApp.csproj", "{94824A14-9C35-41B4-A308-DBCED39DEAFE}"
EndProject
Project("{2150E333-8FDC-42A3-9474-1A3956D46DE8}") = "Solution Items", "Solution Items", "{BFA64B78-10E6-4C82-B5E6-D88997AB77B7}"
	ProjectSection(SolutionItems) = preProject
		LICENSE = LICENSE
		README.md = README.md
		version.txt = version.txt
	EndProjectSection
EndProject
Project("{2150E333-8FDC-42A3-9474-1A3956D46DE8}") = "Device", "Device", "{977993DF-A508-41B4-85F1-84832B894EA7}"
EndProject
Project("{FAE04EC0-301F-11D3-BF4B-00C04F79EFBC}") = "HeatronicUwpLib", "HeatronicUwpLib\HeatronicUwpLib.csproj", "{AB0678C9-B353-472C-90E8-9638F8C45535}"
EndProject
Project("{FAE04EC0-301F-11D3-BF4B-00C04F79EFBC}") = "MicroWebServerLib", "MicroWebServerLib\MicroWebServerLib.csproj", "{CDC8C252-9FDB-4F2F-B869-F057644E1F86}"
EndProject
Project("{FAE04EC0-301F-11D3-BF4B-00C04F79EFBC}") = "HeatronicUwpAppBackgroundTasks", "HeatronicUwpAppBackgroundTasks\HeatronicUwpAppBackgroundTasks.csproj", "{12C26369-7E78-4E84-90A8-7DE2B8DDA3CC}"
EndProject
Global
	GlobalSection(SolutionConfigurationPlatforms) = preSolution
		Debug|Any CPU = Debug|Any CPU
		Debug|ARM = Debug|ARM
		Debug|x64 = Debug|x64
		Debug|x86 = Debug|x86
		Release|Any CPU = Release|Any CPU
		Release|ARM = Release|ARM
		Release|x64 = Release|x64
		Release|x86 = Release|x86
	EndGlobalSection
	GlobalSection(ProjectConfigurationPlatforms) = postSolution
		{94824A14-9C35-41B4-A308-DBCED39DEAFE}.Debug|Any CPU.ActiveCfg = Debug|x86
		{94824A14-9C35-41B4-A308-DBCED39DEAFE}.Debug|Any CPU.Build.0 = Debug|x86
		{94824A14-9C35-41B4-A308-DBCED39DEAFE}.Debug|Any CPU.Deploy.0 = Debug|x86
		{94824A14-9C35-41B4-A308-DBCED39DEAFE}.Debug|ARM.ActiveCfg = Debug|ARM
		{94824A14-9C35-41B4-A308-DBCED39DEAFE}.Debug|ARM.Build.0 = Debug|ARM
		{94824A14-9C35-41B4-A308-DBCED39DEAFE}.Debug|ARM.Deploy.0 = Debug|ARM
		{94824A14-9C35-41B4-A308-DBCED39DEAFE}.Debug|x64.ActiveCfg = Debug|x64
		{94824A14-9C35-41B4-A308-DBCED39DEAFE}.Debug|x64.Build.0 = Debug|x64
		{94824A14-9C35-41B4-A308-DBCED39DEAFE}.Debug|x64.Deploy.0 = Debug|x64
		{94824A14-9C35-41B4-A308-DBCED39DEAFE}.Debug|x86.ActiveCfg = Debug|x86
		{94824A14-9C35-41B4-A308-DBCED39DEAFE}.Debug|x86.Build.0 = Debug|x86
		{94824A14-9C35-41B4-A308-DBCED39DEAFE}.Debug|x86.Deploy.0 = Debug|x86
		{94824A14-9C35-41B4-A308-DBCED39DEAFE}.Release|Any CPU.ActiveCfg = Release|x86
		{94824A14-9C35-41B4-A308-DBCED39DEAFE}.Release|ARM.ActiveCfg = Release|ARM
		{94824A14-9C35-41B4-A308-DBCED39DEAFE}.Release|ARM.Build.0 = Release|ARM
		{94824A14-9C35-41B4-A308-DBCED39DEAFE}.Release|ARM.Deploy.0 = Release|ARM
		{94824A14-9C35-41B4-A308-DBCED39DEAFE}.Release|x64.ActiveCfg = Release|x64
		{94824A14-9C35-41B4-A308-DBCED39DEAFE}.Release|x64.Build.0 = Release|x64
		{94824A14-9C35-41B4-A308-DBCED39DEAFE}.Release|x64.Deploy.0 = Release|x64
		{94824A14-9C35-41B4-A308-DBCED39DEAFE}.Release|x86.ActiveCfg = Release|x86
		{94824A14-9C35-41B4-A308-DBCED39DEAFE}.Release|x86.Build.0 = Release|x86
		{94824A14-9C35-41B4-A308-DBCED39DEAFE}.Release|x86.Deploy.0 = Release|x86
		{AB0678C9-B353-472C-90E8-9638F8C45535}.Debug|Any CPU.ActiveCfg = Debug|Any CPU
		{AB0678C9-B353-472C-90E8-9638F8C45535}.Debug|Any CPU.Build.0 = Debug|Any CPU
		{AB0678C9-B353-472C-90E8-9638F8C45535}.Debug|ARM.ActiveCfg = Debug|ARM
		{AB0678C9-B353-472C-90E8-9638F8C45535}.Debug|ARM.Build.0 = Debug|ARM
		{AB0678C9-B353-472C-90E8-9638F8C45535}.Debug|x64.ActiveCfg = Debug|x64
		{AB0678C9-B353-472C-90E8-9638F8C45535}.Debug|x64.Build.0 = Debug|x64
		{AB0678C9-B353-472C-90E8-9638F8C45535}.Debug|x86.ActiveCfg = Debug|x86
		{AB0678C9-B353-472C-90E8-9638F8C45535}.Debug|x86.Build.0 = Debug|x86
		{AB0678C9-B353-472C-90E8-9638F8C45535}.Release|Any CPU.ActiveCfg = Release|Any CPU
		{AB0678C9-B353-472C-90E8-9638F8C45535}.Release|Any CPU.Build.0 = Release|Any CPU
		{AB0678C9-B353-472C-90E8-9638F8C45535}.Release|ARM.ActiveCfg = Release|ARM
		{AB0678C9-B353-472C-90E8-9638F8C45535}.Release|ARM.Build.0 = Release|ARM
		{AB0678C9-B353-472C-90E8-9638F8C45535}.Release|x64.ActiveCfg = Release|x64
		{AB0678C9-B353-472C-90E8-9638F8C45535}.Release|x64.Build.0 = Release|x64
		{AB0678C9-B353-472C-90E8-9638F8C45535}.Release|x86.ActiveCfg = Release|x86
		{AB0678C9-B353-472C-90E8-9638F8C45535}.Release|x86.Build.0 = Release|x86
		{CDC8C252-9FDB-4F2F-B869-F057644E1F86}.Debug|Any CPU.ActiveCfg = Debug|Any CPU
		{CDC8C252-9FDB-4F2F-B869-F057644E1F86}.Debug|Any CPU.Build.0 = Debug|Any CPU
		{CDC8C252-9FDB-4F2F-B869-F057644E1F86}.Debug|ARM.ActiveCfg = Debug|Any CPU
		{CDC8C252-9FDB-4F2F-B869-F057644E1F86}.Debug|ARM.Build.0 = Debug|Any CPU
		{CDC8C252-9FDB-4F2F-B869-F057644E1F86}.Debug|x64.ActiveCfg = Debug|Any CPU
		{CDC8C252-9FDB-4F2F-B869-F057644E1F86}.Debug|x64.Build.0 = Debug|Any CPU
		{CDC8C252-9FDB-4F2F-B869-F057644E1F86}.Debug|x86.ActiveCfg = Debug|Any CPU
		{CDC8C252-9FDB-4F2F-B869-F057644E1F86}.Debug|x86.Build.0 = Debug|Any CPU
		{CDC8C252-9FDB-4F2F-B869-F057644E1F86}.Release|Any CPU.ActiveCfg = Release|Any CPU
		{CDC8C252-9FDB-4F2F-B869-F057644E1F86}.Release|Any CPU.Build.0 = Release|Any CPU
		{CDC8C252-9FDB-4F2F-B869-F057644E1F86}.Release|ARM.ActiveCfg = Release|Any CPU
		{CDC8C252-9FDB-4F2F-B869-F057644E1F86}.Release|ARM.Build.0 = Release|Any CPU
		{CDC8C252-9FDB-4F2F-B869-F057644E1F86}.Release|x64.ActiveCfg = Release|Any CPU
		{CDC8C252-9FDB-4F2F-B869-F057644E1F86}.Release|x64.Build.0 = Release|Any CPU
		{CDC8C252-9FDB-4F2F-B869-F057644E1F86}.Release|x86.ActiveCfg = Release|Any CPU
		{CDC8C252-9FDB-4F2F-B869-F057644E1F86}.Release|x86.Build.0 = Release|Any CPU
		{12C26369-7E78-4E84-90A8-7DE2B8DDA3CC}.Debug|Any CPU.ActiveCfg = Debug|Any CPU
		{12C26369-7E78-4E84-90A8-7DE2B8DDA3CC}.Debug|Any CPU.Build.0 = Debug|Any CPU
		{12C26369-7E78-4E84-90A8-7DE2B8DDA3CC}.Debug|ARM.ActiveCfg = Debug|ARM
		{12C26369-7E78-4E84-90A8-7DE2B8DDA3CC}.Debug|ARM.Build.0 = Debug|ARM
		{12C26369-7E78-4E84-90A8-7DE2B8DDA3CC}.Debug|x64.ActiveCfg = Debug|x64
		{12C26369-7E78-4E84-90A8-7DE2B8DDA3CC}.Debug|x64.Build.0 = Debug|x64
		{12C26369-7E78-4E84-90A8-7DE2B8DDA3CC}.Debug|x86.ActiveCfg = Debug|x86
		{12C26369-7E78-4E84-90A8-7DE2B8DDA3CC}.Debug|x86.Build.0 = Debug|x86
		{12C26369-7E78-4E84-90A8-7DE2B8DDA3CC}.Release|Any CPU.ActiveCfg = Release|Any CPU
		{12C26369-7E78-4E84-90A8-7DE2B8DDA3CC}.Release|Any CPU.Build.0 = Release|Any CPU
		{12C26369-7E78-4E84-90A8-7DE2B8DDA3CC}.Release|ARM.ActiveCfg = Release|ARM
		{12C26369-7E78-4E84-90A8-7DE2B8DDA3CC}.Release|ARM.Build.0 = Release|ARM
		{12C26369-7E78-4E84-90A8-7DE2B8DDA3CC}.Release|x64.ActiveCfg = Release|x64
		{12C26369-7E78-4E84-90A8-7DE2B8DDA3CC}.Release|x64.Build.0 = Release|x64
		{12C26369-7E78-4E84-90A8-7DE2B8DDA3CC}.Release|x86.ActiveCfg = Release|x86
		{12C26369-7E78-4E84-90A8-7DE2B8DDA3CC}.Release|x86.Build.0 = Release|x86
	EndGlobalSection
	GlobalSection(SolutionProperties) = preSolution
		HideSolutionNode = FALSE
	EndGlobalSection
	GlobalSection(NestedProjects) = preSolution
		{94824A14-9C35-41B4-A308-DBCED39DEAFE} = {977993DF-A508-41B4-85F1-84832B894EA7}
		{AB0678C9-B353-472C-90E8-9638F8C45535} = {977993DF-A508-41B4-85F1-84832B894EA7}
		{CDC8C252-9FDB-4F2F-B869-F057644E1F86} = {977993DF-A508-41B4-85F1-84832B894EA7}
		{12C26369-7E78-4E84-90A8-7DE2B8DDA3CC} = {977993DF-A508-41B4-85F1-84832B894EA7}
	EndGlobalSection
EndGlobal
